
Microsoft Visual Studio Solution File, Format Version 12.00
# Visual Studio Version 17
VisualStudioVersion = 17.0.31903.59
MinimumVisualStudioVersion = 10.0.40219.1
Project("{FAE04EC0-301F-11D3-BF4B-00C04F79EFBC}") = "API", "API\API.csproj", "{42022A9B-79B2-4B06-9333-543F19D67223}"
EndProject
Project("{FAE04EC0-301F-11D3-BF4B-00C04F79EFBC}") = "Domain", "Domain\Domain.csproj", "{D653059D-0457-4012-8AFF-318AE3166A8A}"
EndProject
Project("{FAE04EC0-301F-11D3-BF4B-00C04F79EFBC}") = "Persistence", "Persistence\Persistence.csproj", "{09D2CD0A-62D8-44E3-A0A4-B10B9A4BC6EA}"
EndProject
Project("{FAE04EC0-301F-11D3-BF4B-00C04F79EFBC}") = "Application", "Application\Application.csproj", "{D39DFF44-0532-4990-883A-B427AE04ACFF}"
EndProject
Global
	GlobalSection(SolutionConfigurationPlatforms) = preSolution
		Debug|Any CPU = Debug|Any CPU
		Release|Any CPU = Release|Any CPU
	EndGlobalSection
	GlobalSection(SolutionProperties) = preSolution
		HideSolutionNode = FALSE
	EndGlobalSection
	GlobalSection(ProjectConfigurationPlatforms) = postSolution
		{42022A9B-79B2-4B06-9333-543F19D67223}.Debug|Any CPU.ActiveCfg = Debug|Any CPU
		{42022A9B-79B2-4B06-9333-543F19D67223}.Debug|Any CPU.Build.0 = Debug|Any CPU
		{42022A9B-79B2-4B06-9333-543F19D67223}.Release|Any CPU.ActiveCfg = Release|Any CPU
		{42022A9B-79B2-4B06-9333-543F19D67223}.Release|Any CPU.Build.0 = Release|Any CPU
		{D653059D-0457-4012-8AFF-318AE3166A8A}.Debug|Any CPU.ActiveCfg = Debug|Any CPU
		{D653059D-0457-4012-8AFF-318AE3166A8A}.Debug|Any CPU.Build.0 = Debug|Any CPU
		{D653059D-0457-4012-8AFF-318AE3166A8A}.Release|Any CPU.ActiveCfg = Release|Any CPU
		{D653059D-0457-4012-8AFF-318AE3166A8A}.Release|Any CPU.Build.0 = Release|Any CPU
		{09D2CD0A-62D8-44E3-A0A4-B10B9A4BC6EA}.Debug|Any CPU.ActiveCfg = Debug|Any CPU
		{09D2CD0A-62D8-44E3-A0A4-B10B9A4BC6EA}.Debug|Any CPU.Build.0 = Debug|Any CPU
		{09D2CD0A-62D8-44E3-A0A4-B10B9A4BC6EA}.Release|Any CPU.ActiveCfg = Release|Any CPU
		{09D2CD0A-62D8-44E3-A0A4-B10B9A4BC6EA}.Release|Any CPU.Build.0 = Release|Any CPU
		{D39DFF44-0532-4990-883A-B427AE04ACFF}.Debug|Any CPU.ActiveCfg = Debug|Any CPU
		{D39DFF44-0532-4990-883A-B427AE04ACFF}.Debug|Any CPU.Build.0 = Debug|Any CPU
		{D39DFF44-0532-4990-883A-B427AE04ACFF}.Release|Any CPU.ActiveCfg = Release|Any CPU
		{D39DFF44-0532-4990-883A-B427AE04ACFF}.Release|Any CPU.Build.0 = Release|Any CPU
	EndGlobalSection
EndGlobal
